
Microsoft Visual Studio Solution File, Format Version 12.00
# Visual Studio Version 17
VisualStudioVersion = 17.8.34511.84
MinimumVisualStudioVersion = 10.0.40219.1
Project("{FAE04EC0-301F-11D3-BF4B-00C04F79EFBC}") = "progetto_1", "progetto_1\progetto_1.csproj", "{28417984-D3C6-4BEA-BB02-6BA9C1A08328}"
EndProject
Global
	GlobalSection(SolutionConfigurationPlatforms) = preSolution
		Debug|Any CPU = Debug|Any CPU
		Release|Any CPU = Release|Any CPU
	EndGlobalSection
	GlobalSection(ProjectConfigurationPlatforms) = postSolution
		{28417984-D3C6-4BEA-BB02-6BA9C1A08328}.Debug|Any CPU.ActiveCfg = Debug|Any CPU
		{28417984-D3C6-4BEA-BB02-6BA9C1A08328}.Debug|Any CPU.Build.0 = Debug|Any CPU
		{28417984-D3C6-4BEA-BB02-6BA9C1A08328}.Release|Any CPU.ActiveCfg = Release|Any CPU
		{28417984-D3C6-4BEA-BB02-6BA9C1A08328}.Release|Any CPU.Build.0 = Release|Any CPU
	EndGlobalSection
	GlobalSection(SolutionProperties) = preSolution
		HideSolutionNode = FALSE
	EndGlobalSection
	GlobalSection(ExtensibilityGlobals) = postSolution
		SolutionGuid = {E113A67D-F69D-4A63-99CE-5EB81615764C}
	EndGlobalSection
EndGlobal
